<?xml version="1.0" encoding="utf-8"?>
<Project ToolsVersion="4.0" xmlns="http://schemas.microsoft.com/developer/msbuild/2003">
  <ItemGroup>
    <ClCompile Include="main.cpp" />
    <ClCompile Include="json\json.cpp">
      <Filter>Managers\Json</Filter>
    </ClCompile>
    <ClCompile Include="Player.cpp">
      <Filter>Source FIles</Filter>
    </ClCompile>
    <ClCompile Include="Screen.cpp">
      <Filter>Source FIles</Filter>
    </ClCompile>
    <ClCompile Include="GameManager_Mouse.cpp">
      <Filter>Source FIles\GameManager</Filter>
    </ClCompile>
    <ClCompile Include="GameManager_Loading.cpp">
      <Filter>Source FIles\GameManager</Filter>
    </ClCompile>
    <ClCompile Include="GameManager.cpp">
      <Filter>Source FIles\GameManager</Filter>
    </ClCompile>
    <ClCompile Include="GameManager_Display.cpp">
      <Filter>Source FIles\GameManager</Filter>
    </ClCompile>
    <ClCompile Include="Texture.cpp">
      <Filter>Source FIles</Filter>
    </ClCompile>
    <ClCompile Include="old Image.cpp">
      <Filter>Source FIles</Filter>
    </ClCompile>
    <ClCompile Include="cData.cpp">
      <Filter>Source FIles</Filter>
    </ClCompile>
    <ClCompile Include="cTexture.cpp">
      <Filter>Source FIles</Filter>
    </ClCompile>
    <ClCompile Include="Mobile.cpp">
      <Filter>Source FIles</Filter>
    </ClCompile>
    <ClCompile Include="Bullet.cpp">
      <Filter>Source FIles</Filter>
    </ClCompile>
    <ClCompile Include="BadAgent.cpp">
      <Filter>Source FIles</Filter>
    </ClCompile>
    <ClCompile Include="Tower.cpp">
      <Filter>Source FIles</Filter>
    </ClCompile>
    <ClCompile Include="GameManager_Play.cpp">
      <Filter>Source FIles\GameManager</Filter>
    </ClCompile>
    <ClCompile Include="GameManager_keyboard.cpp">
      <Filter>Source FIles\GameManager</Filter>
    </ClCompile>
    <ClCompile Include="LevelData.cpp">
      <Filter>Source FIles</Filter>
    </ClCompile>
    <ClCompile Include="Wave.cpp">
      <Filter>Source FIles</Filter>
    </ClCompile>
    <ClCompile Include="WavesManager.cpp" />
  </ItemGroup>
  <ItemGroup>
    <ClInclude Include="Tower.h">
      <Filter>Headers Files</Filter>
    </ClInclude>
    <ClInclude Include="Mobile.h">
      <Filter>Headers Files</Filter>
    </ClInclude>
    <ClInclude Include="StaticObject.h">
      <Filter>Headers Files</Filter>
    </ClInclude>
    <ClInclude Include="PlaceableObject.h">
      <Filter>Headers Files</Filter>
    </ClInclude>
    <ClInclude Include="Button.h">
      <Filter>Headers Files</Filter>
    </ClInclude>
    <ClInclude Include="Bullet.h">
      <Filter>Headers Files</Filter>
    </ClInclude>
    <ClInclude Include="BadAgent.h">
      <Filter>Headers Files</Filter>
    </ClInclude>
    <ClInclude Include="addGlut.h">
      <Filter>Managers</Filter>
    </ClInclude>
    <ClInclude Include="structs.h">
      <Filter>Structs</Filter>
    </ClInclude>
    <ClInclude Include="GlutWindow.h">
      <Filter>Managers</Filter>
    </ClInclude>
    <ClInclude Include="json\json.h">
      <Filter>Managers\Json</Filter>
    </ClInclude>
    <ClInclude Include="Player.h">
      <Filter>Headers Files</Filter>
    </ClInclude>
    <ClInclude Include="Screen.h">
      <Filter>Headers Files</Filter>
    </ClInclude>
    <ClInclude Include="TempGameManager.h">
      <Filter>Managers</Filter>
    </ClInclude>
    <ClInclude Include="GameManager.h">
      <Filter>Headers Files</Filter>
    </ClInclude>
    <ClInclude Include="Globals.h">
      <Filter>Managers</Filter>
    </ClInclude>
    <ClInclude Include="Texture.h">
      <Filter>Headers Files</Filter>
    </ClInclude>
    <ClInclude Include="old Image.h">
      <Filter>Managers</Filter>
    </ClInclude>
    <ClInclude Include="cData.h">
      <Filter>Headers Files</Filter>
    </ClInclude>
    <ClInclude Include="cTexture.h">
      <Filter>Headers Files</Filter>
    </ClInclude>
    <ClInclude Include="Location.h" />
    <ClInclude Include="level.h">
      <Filter>Headers Files</Filter>
    </ClInclude>
    <ClInclude Include="Grid.h">
      <Filter>Structs</Filter>
    </ClInclude>
    <ClInclude Include="LevelData.h">
      <Filter>Headers Files</Filter>
    </ClInclude>
    <ClInclude Include="LinkedList.h" />
    <ClInclude Include="Wave.h">
      <Filter>Headers Files</Filter>
    </ClInclude>
    <ClInclude Include="WavesManager.h" />
  </ItemGroup>
  <ItemGroup>
    <Filter Include="Managers">
      <UniqueIdentifier>{5a4132ff-e403-4712-bf32-b6858be4d1c0}</UniqueIdentifier>
    </Filter>
    <Filter Include="Structs">
      <UniqueIdentifier>{b64fbb65-7273-45fa-a4c0-6208d4143d71}</UniqueIdentifier>
    </Filter>
    <Filter Include="Source FIles">
      <UniqueIdentifier>{2095d02e-87da-4eed-a1cb-e0113bb32f94}</UniqueIdentifier>
    </Filter>
    <Filter Include="Source FIles\GameManager">
      <UniqueIdentifier>{add92b26-3958-4d0a-94ad-2238b3687224}</UniqueIdentifier>
    </Filter>
    <Filter Include="Headers Files">
      <UniqueIdentifier>{4b9dd677-50b3-42e7-a392-c0fceb331133}</UniqueIdentifier>
    </Filter>
    <Filter Include="Managers\Json">
      <UniqueIdentifier>{6a782caf-f491-4290-860a-fff0c68044b6}</UniqueIdentifier>
    </Filter>
    <Filter Include="Managers\LinkedList">
      <UniqueIdentifier>{ed735d34-6603-4109-83d1-de626f65520c}</UniqueIdentifier>
    </Filter>
  </ItemGroup>
</Project>