<?xml version="1.0" encoding="utf-8"?>
<Project ToolsVersion="4.0" xmlns="http://schemas.microsoft.com/developer/msbuild/2003">
  <ItemGroup>
    <ClCompile Include="main.cpp" />
    <ClCompile Include="SoilSrc\image_DXT.c">
      <Filter>SOIL</Filter>
    </ClCompile>
    <ClCompile Include="SoilSrc\image_helper.c">
      <Filter>SOIL</Filter>
    </ClCompile>
    <ClCompile Include="SoilSrc\SOIL.c">
      <Filter>SOIL</Filter>
    </ClCompile>
    <ClCompile Include="SoilSrc\stb_image_aug.c">
      <Filter>SOIL</Filter>
    </ClCompile>
  </ItemGroup>
  <ItemGroup>
    <ClInclude Include="Tower.h">
      <Filter>Objects</Filter>
    </ClInclude>
    <ClInclude Include="Mobile.h">
      <Filter>Objects</Filter>
    </ClInclude>
    <ClInclude Include="StaticObject.h">
      <Filter>Objects</Filter>
    </ClInclude>
    <ClInclude Include="PlaceableObject.h">
      <Filter>Objects</Filter>
    </ClInclude>
    <ClInclude Include="Button.h">
      <Filter>Objects</Filter>
    </ClInclude>
    <ClInclude Include="Bullet.h">
      <Filter>Objects</Filter>
    </ClInclude>
    <ClInclude Include="BadAgent.h">
      <Filter>Objects</Filter>
    </ClInclude>
    <ClInclude Include="addGlut.h">
      <Filter>Managers</Filter>
    </ClInclude>
    <ClInclude Include="GameManager.h">
      <Filter>Managers</Filter>
    </ClInclude>
    <ClInclude Include="Image.h">
      <Filter>Managers</Filter>
    </ClInclude>
    <ClInclude Include="structs.h">
      <Filter>Structs</Filter>
    </ClInclude>
    <ClInclude Include="Window.h">
      <Filter>Managers</Filter>
    </ClInclude>
    <ClInclude Include="SoilSrc\image_DXT.h">
      <Filter>SOIL</Filter>
    </ClInclude>
    <ClInclude Include="SoilSrc\image_helper.h">
      <Filter>SOIL</Filter>
    </ClInclude>
    <ClInclude Include="SoilSrc\SOIL.h">
      <Filter>SOIL</Filter>
    </ClInclude>
    <ClInclude Include="SoilSrc\stb_image_aug.h">
      <Filter>SOIL</Filter>
    </ClInclude>
    <ClInclude Include="SoilSrc\stbi_DDS_aug.h">
      <Filter>SOIL</Filter>
    </ClInclude>
    <ClInclude Include="SoilSrc\stbi_DDS_aug_c.h">
      <Filter>SOIL</Filter>
    </ClInclude>
  </ItemGroup>
  <ItemGroup>
    <Filter Include="Objects">
      <UniqueIdentifier>{4b9dd677-50b3-42e7-a392-c0fceb331133}</UniqueIdentifier>
    </Filter>
    <Filter Include="Managers">
      <UniqueIdentifier>{5a4132ff-e403-4712-bf32-b6858be4d1c0}</UniqueIdentifier>
    </Filter>
    <Filter Include="Structs">
      <UniqueIdentifier>{b64fbb65-7273-45fa-a4c0-6208d4143d71}</UniqueIdentifier>
    </Filter>
    <Filter Include="SOIL">
      <UniqueIdentifier>{a8887b0b-e43f-49fb-bdc1-bc311d457adf}</UniqueIdentifier>
    </Filter>
  </ItemGroup>
</Project>